
Microsoft Visual Studio Solution File, Format Version 12.00
# Visual Studio Version 16
VisualStudioVersion = 16.0.31321.278
MinimumVisualStudioVersion = 10.0.40219.1
Project("{FAE04EC0-301F-11D3-BF4B-00C04F79EFBC}") = "LabTsak(product)", "LabTsak(product)\LabTsak(product).csproj", "{DD474336-F002-415C-99FD-FFFABDCC7241}"
EndProject
Global
	GlobalSection(SolutionConfigurationPlatforms) = preSolution
		Debug|Any CPU = Debug|Any CPU
		Release|Any CPU = Release|Any CPU
	EndGlobalSection
	GlobalSection(ProjectConfigurationPlatforms) = postSolution
		{DD474336-F002-415C-99FD-FFFABDCC7241}.Debug|Any CPU.ActiveCfg = Debug|Any CPU
		{DD474336-F002-415C-99FD-FFFABDCC7241}.Debug|Any CPU.Build.0 = Debug|Any CPU
		{DD474336-F002-415C-99FD-FFFABDCC7241}.Release|Any CPU.ActiveCfg = Release|Any CPU
		{DD474336-F002-415C-99FD-FFFABDCC7241}.Release|Any CPU.Build.0 = Release|Any CPU
	EndGlobalSection
	GlobalSection(SolutionProperties) = preSolution
		HideSolutionNode = FALSE
	EndGlobalSection
	GlobalSection(ExtensibilityGlobals) = postSolution
		SolutionGuid = {98071DA3-A255-43F6-A5DF-9CD7E92C020D}
	EndGlobalSection
EndGlobal
