
Microsoft Visual Studio Solution File, Format Version 12.00
# Visual Studio Version 16
VisualStudioVersion = 16.0.31321.278
MinimumVisualStudioVersion = 10.0.40219.1
Project("{FAE04EC0-301F-11D3-BF4B-00C04F79EFBC}") = "Labtask-2(product)", "Labtask-2(product)\Labtask-2(product).csproj", "{0DB2831A-A935-4EDE-AEBB-B3FFDED95426}"
EndProject
Global
	GlobalSection(SolutionConfigurationPlatforms) = preSolution
		Debug|Any CPU = Debug|Any CPU
		Release|Any CPU = Release|Any CPU
	EndGlobalSection
	GlobalSection(ProjectConfigurationPlatforms) = postSolution
		{0DB2831A-A935-4EDE-AEBB-B3FFDED95426}.Debug|Any CPU.ActiveCfg = Debug|Any CPU
		{0DB2831A-A935-4EDE-AEBB-B3FFDED95426}.Debug|Any CPU.Build.0 = Debug|Any CPU
		{0DB2831A-A935-4EDE-AEBB-B3FFDED95426}.Release|Any CPU.ActiveCfg = Release|Any CPU
		{0DB2831A-A935-4EDE-AEBB-B3FFDED95426}.Release|Any CPU.Build.0 = Release|Any CPU
	EndGlobalSection
	GlobalSection(SolutionProperties) = preSolution
		HideSolutionNode = FALSE
	EndGlobalSection
	GlobalSection(ExtensibilityGlobals) = postSolution
		SolutionGuid = {1F593BF8-E280-4F6E-B9DF-559A84F0D0BF}
	EndGlobalSection
EndGlobal
